// !$*UTF8*$!
{
	archiveVersion = 1;
	classes = {
	};
	objectVersion = 50;
	objects = {

/* Begin PBXBuildFile section */
		27C8B44022A0E19900E0611F /* AppDelegate.swift in Sources */ = {isa = PBXBuildFile; fileRef = 27C8B43F22A0E19900E0611F /* AppDelegate.swift */; };
		27C8B44222A0E19900E0611F /* ViewController.swift in Sources */ = {isa = PBXBuildFile; fileRef = 27C8B44122A0E19900E0611F /* ViewController.swift */; };
		27C8B44522A0E19900E0611F /* Main.storyboard in Resources */ = {isa = PBXBuildFile; fileRef = 27C8B44322A0E19900E0611F /* Main.storyboard */; };
		27C8B44722A0E19C00E0611F /* Assets.xcassets in Resources */ = {isa = PBXBuildFile; fileRef = 27C8B44622A0E19C00E0611F /* Assets.xcassets */; };
		27C8B44A22A0E19C00E0611F /* LaunchScreen.storyboard in Resources */ = {isa = PBXBuildFile; fileRef = 27C8B44822A0E19C00E0611F /* LaunchScreen.storyboard */; };
		27C8B45522A0E19C00E0611F /* WebViewTests.swift in Sources */ = {isa = PBXBuildFile; fileRef = 27C8B45422A0E19C00E0611F /* WebViewTests.swift */; };
		27C8B46022A0E19D00E0611F /* WebViewUITests.swift in Sources */ = {isa = PBXBuildFile; fileRef = 27C8B45F22A0E19D00E0611F /* WebViewUITests.swift */; };
		27C8B46E22A0EB6700E0611F /* WebTableViewCell.swift in Sources */ = {isa = PBXBuildFile; fileRef = 27C8B46D22A0EB6700E0611F /* WebTableViewCell.swift */; };
		27C8B47022A0EB7800E0611F /* CustomTableViewCell.swift in Sources */ = {isa = PBXBuildFile; fileRef = 27C8B46F22A0EB7800E0611F /* CustomTableViewCell.swift */; };
		27C8B47222A10BA100E0611F /* WebViewController.swift in Sources */ = {isa = PBXBuildFile; fileRef = 27C8B47122A10BA100E0611F /* WebViewController.swift */; };
/* End PBXBuildFile section */

/* Begin PBXContainerItemProxy section */
		27C8B45122A0E19C00E0611F /* PBXContainerItemProxy */ = {
			isa = PBXContainerItemProxy;
			containerPortal = 27C8B43422A0E19900E0611F /* Project object */;
			proxyType = 1;
			remoteGlobalIDString = 27C8B43B22A0E19900E0611F;
			remoteInfo = WebView;
		};
		27C8B45C22A0E19D00E0611F /* PBXContainerItemProxy */ = {
			isa = PBXContainerItemProxy;
			containerPortal = 27C8B43422A0E19900E0611F /* Project object */;
			proxyType = 1;
			remoteGlobalIDString = 27C8B43B22A0E19900E0611F;
			remoteInfo = WebView;
		};
/* End PBXContainerItemProxy section */

/* Begin PBXFileReference section */
		27C8B43C22A0E19900E0611F /* WebView.app */ = {isa = PBXFileReference; explicitFileType = wrapper.application; includeInIndex = 0; path = WebView.app; sourceTree = BUILT_PRODUCTS_DIR; };
		27C8B43F22A0E19900E0611F /* AppDelegate.swift */ = {isa = PBXFileReference; lastKnownFileType = sourcecode.swift; path = AppDelegate.swift; sourceTree = "<group>"; };
		27C8B44122A0E19900E0611F /* ViewController.swift */ = {isa = PBXFileReference; lastKnownFileType = sourcecode.swift; path = ViewController.swift; sourceTree = "<group>"; };
		27C8B44422A0E19900E0611F /* Base */ = {isa = PBXFileReference; lastKnownFileType = file.storyboard; name = Base; path = Base.lproj/Main.storyboard; sourceTree = "<group>"; };
		27C8B44622A0E19C00E0611F /* Assets.xcassets */ = {isa = PBXFileReference; lastKnownFileType = folder.assetcatalog; path = Assets.xcassets; sourceTree = "<group>"; };
		27C8B44922A0E19C00E0611F /* Base */ = {isa = PBXFileReference; lastKnownFileType = file.storyboard; name = Base; path = Base.lproj/LaunchScreen.storyboard; sourceTree = "<group>"; };
		27C8B44B22A0E19C00E0611F /* Info.plist */ = {isa = PBXFileReference; lastKnownFileType = text.plist.xml; path = Info.plist; sourceTree = "<group>"; };
		27C8B45022A0E19C00E0611F /* WebViewTests.xctest */ = {isa = PBXFileReference; explicitFileType = wrapper.cfbundle; includeInIndex = 0; path = WebViewTests.xctest; sourceTree = BUILT_PRODUCTS_DIR; };
		27C8B45422A0E19C00E0611F /* WebViewTests.swift */ = {isa = PBXFileReference; lastKnownFileType = sourcecode.swift; path = WebViewTests.swift; sourceTree = "<group>"; };
		27C8B45622A0E19C00E0611F /* Info.plist */ = {isa = PBXFileReference; lastKnownFileType = text.plist.xml; path = Info.plist; sourceTree = "<group>"; };
		27C8B45B22A0E19D00E0611F /* WebViewUITests.xctest */ = {isa = PBXFileReference; explicitFileType = wrapper.cfbundle; includeInIndex = 0; path = WebViewUITests.xctest; sourceTree = BUILT_PRODUCTS_DIR; };
		27C8B45F22A0E19D00E0611F /* WebViewUITests.swift */ = {isa = PBXFileReference; lastKnownFileType = sourcecode.swift; path = WebViewUITests.swift; sourceTree = "<group>"; };
		27C8B46122A0E19D00E0611F /* Info.plist */ = {isa = PBXFileReference; lastKnownFileType = text.plist.xml; path = Info.plist; sourceTree = "<group>"; };
		27C8B46D22A0EB6700E0611F /* WebTableViewCell.swift */ = {isa = PBXFileReference; lastKnownFileType = sourcecode.swift; path = WebTableViewCell.swift; sourceTree = "<group>"; };
		27C8B46F22A0EB7800E0611F /* CustomTableViewCell.swift */ = {isa = PBXFileReference; lastKnownFileType = sourcecode.swift; path = CustomTableViewCell.swift; sourceTree = "<group>"; };
		27C8B47122A10BA100E0611F /* WebViewController.swift */ = {isa = PBXFileReference; lastKnownFileType = sourcecode.swift; path = WebViewController.swift; sourceTree = "<group>"; };
/* End PBXFileReference section */

/* Begin PBXFrameworksBuildPhase section */
		27C8B43922A0E19900E0611F /* Frameworks */ = {
			isa = PBXFrameworksBuildPhase;
			buildActionMask = 2147483647;
			files = (
			);
			runOnlyForDeploymentPostprocessing = 0;
		};
		27C8B44D22A0E19C00E0611F /* Frameworks */ = {
			isa = PBXFrameworksBuildPhase;
			buildActionMask = 2147483647;
			files = (
			);
			runOnlyForDeploymentPostprocessing = 0;
		};
		27C8B45822A0E19D00E0611F /* Frameworks */ = {
			isa = PBXFrameworksBuildPhase;
			buildActionMask = 2147483647;
			files = (
			);
			runOnlyForDeploymentPostprocessing = 0;
		};
/* End PBXFrameworksBuildPhase section */

/* Begin PBXGroup section */
		27C8B43322A0E19900E0611F = {
			isa = PBXGroup;
			children = (
				27C8B43E22A0E19900E0611F /* WebView */,
				27C8B45322A0E19C00E0611F /* WebViewTests */,
				27C8B45E22A0E19D00E0611F /* WebViewUITests */,
				27C8B43D22A0E19900E0611F /* Products */,
			);
			sourceTree = "<group>";
		};
		27C8B43D22A0E19900E0611F /* Products */ = {
			isa = PBXGroup;
			children = (
				27C8B43C22A0E19900E0611F /* WebView.app */,
				27C8B45022A0E19C00E0611F /* WebViewTests.xctest */,
				27C8B45B22A0E19D00E0611F /* WebViewUITests.xctest */,
			);
			name = Products;
			sourceTree = "<group>";
		};
		27C8B43E22A0E19900E0611F /* WebView */ = {
			isa = PBXGroup;
			children = (
				27C8B43F22A0E19900E0611F /* AppDelegate.swift */,
				27C8B44122A0E19900E0611F /* ViewController.swift */,
				27C8B47122A10BA100E0611F /* WebViewController.swift */,
				27C8B44322A0E19900E0611F /* Main.storyboard */,
				27C8B46D22A0EB6700E0611F /* WebTableViewCell.swift */,
				27C8B46F22A0EB7800E0611F /* CustomTableViewCell.swift */,
				27C8B44622A0E19C00E0611F /* Assets.xcassets */,
				27C8B44822A0E19C00E0611F /* LaunchScreen.storyboard */,
				27C8B44B22A0E19C00E0611F /* Info.plist */,
			);
			path = WebView;
			sourceTree = "<group>";
		};
		27C8B45322A0E19C00E0611F /* WebViewTests */ = {
			isa = PBXGroup;
			children = (
				27C8B45422A0E19C00E0611F /* WebViewTests.swift */,
				27C8B45622A0E19C00E0611F /* Info.plist */,
			);
			path = WebViewTests;
			sourceTree = "<group>";
		};
		27C8B45E22A0E19D00E0611F /* WebViewUITests */ = {
			isa = PBXGroup;
			children = (
				27C8B45F22A0E19D00E0611F /* WebViewUITests.swift */,
				27C8B46122A0E19D00E0611F /* Info.plist */,
			);
			path = WebViewUITests;
			sourceTree = "<group>";
		};
/* End PBXGroup section */

/* Begin PBXNativeTarget section */
		27C8B43B22A0E19900E0611F /* WebView */ = {
			isa = PBXNativeTarget;
			buildConfigurationList = 27C8B46422A0E19D00E0611F /* Build configuration list for PBXNativeTarget "WebView" */;
			buildPhases = (
				27C8B43822A0E19900E0611F /* Sources */,
				27C8B43922A0E19900E0611F /* Frameworks */,
				27C8B43A22A0E19900E0611F /* Resources */,
			);
			buildRules = (
			);
			dependencies = (
			);
			name = WebView;
			productName = WebView;
			productReference = 27C8B43C22A0E19900E0611F /* WebView.app */;
			productType = "com.apple.product-type.application";
		};
		27C8B44F22A0E19C00E0611F /* WebViewTests */ = {
			isa = PBXNativeTarget;
			buildConfigurationList = 27C8B46722A0E19D00E0611F /* Build configuration list for PBXNativeTarget "WebViewTests" */;
			buildPhases = (
				27C8B44C22A0E19C00E0611F /* Sources */,
				27C8B44D22A0E19C00E0611F /* Frameworks */,
				27C8B44E22A0E19C00E0611F /* Resources */,
			);
			buildRules = (
			);
			dependencies = (
				27C8B45222A0E19C00E0611F /* PBXTargetDependency */,
			);
			name = WebViewTests;
			productName = WebViewTests;
			productReference = 27C8B45022A0E19C00E0611F /* WebViewTests.xctest */;
			productType = "com.apple.product-type.bundle.unit-test";
		};
		27C8B45A22A0E19D00E0611F /* WebViewUITests */ = {
			isa = PBXNativeTarget;
			buildConfigurationList = 27C8B46A22A0E19D00E0611F /* Build configuration list for PBXNativeTarget "WebViewUITests" */;
			buildPhases = (
				27C8B45722A0E19D00E0611F /* Sources */,
				27C8B45822A0E19D00E0611F /* Frameworks */,
				27C8B45922A0E19D00E0611F /* Resources */,
			);
			buildRules = (
			);
			dependencies = (
				27C8B45D22A0E19D00E0611F /* PBXTargetDependency */,
			);
			name = WebViewUITests;
			productName = WebViewUITests;
			productReference = 27C8B45B22A0E19D00E0611F /* WebViewUITests.xctest */;
			productType = "com.apple.product-type.bundle.ui-testing";
		};
/* End PBXNativeTarget section */

/* Begin PBXProject section */
		27C8B43422A0E19900E0611F /* Project object */ = {
			isa = PBXProject;
			attributes = {
				LastSwiftUpdateCheck = 1020;
				LastUpgradeCheck = 1020;
				ORGANIZATIONNAME = "SWL Mohali1";
				TargetAttributes = {
					27C8B43B22A0E19900E0611F = {
						CreatedOnToolsVersion = 10.2.1;
					};
					27C8B44F22A0E19C00E0611F = {
						CreatedOnToolsVersion = 10.2.1;
						TestTargetID = 27C8B43B22A0E19900E0611F;
					};
					27C8B45A22A0E19D00E0611F = {
						CreatedOnToolsVersion = 10.2.1;
						TestTargetID = 27C8B43B22A0E19900E0611F;
					};
				};
			};
			buildConfigurationList = 27C8B43722A0E19900E0611F /* Build configuration list for PBXProject "WebView" */;
			compatibilityVersion = "Xcode 9.3";
			developmentRegion = en;
			hasScannedForEncodings = 0;
			knownRegions = (
				en,
				Base,
			);
			mainGroup = 27C8B43322A0E19900E0611F;
			productRefGroup = 27C8B43D22A0E19900E0611F /* Products */;
			projectDirPath = "";
			projectRoot = "";
			targets = (
				27C8B43B22A0E19900E0611F /* WebView */,
				27C8B44F22A0E19C00E0611F /* WebViewTests */,
				27C8B45A22A0E19D00E0611F /* WebViewUITests */,
			);
		};
/* End PBXProject section */

/* Begin PBXResourcesBuildPhase section */
		27C8B43A22A0E19900E0611F /* Resources */ = {
			isa = PBXResourcesBuildPhase;
			buildActionMask = 2147483647;
			files = (
				27C8B44A22A0E19C00E0611F /* LaunchScreen.storyboard in Resources */,
				27C8B44722A0E19C00E0611F /* Assets.xcassets in Resources */,
				27C8B44522A0E19900E0611F /* Main.storyboard in Resources */,
			);
			runOnlyForDeploymentPostprocessing = 0;
		};
		27C8B44E22A0E19C00E0611F /* Resources */ = {
			isa = PBXResourcesBuildPhase;
			buildActionMask = 2147483647;
			files = (
			);
			runOnlyForDeploymentPostprocessing = 0;
		};
		27C8B45922A0E19D00E0611F /* Resources */ = {
			isa = PBXResourcesBuildPhase;
			buildActionMask = 2147483647;
			files = (
			);
			runOnlyForDeploymentPostprocessing = 0;
		};
/* End PBXResourcesBuildPhase section */

/* Begin PBXSourcesBuildPhase section */
		27C8B43822A0E19900E0611F /* Sources */ = {
			isa = PBXSourcesBuildPhase;
			buildActionMask = 2147483647;
			files = (
				27C8B46E22A0EB6700E0611F /* WebTableViewCell.swift in Sources */,
				27C8B44222A0E19900E0611F /* ViewController.swift in Sources */,
				27C8B47022A0EB7800E0611F /* CustomTableViewCell.swift in Sources */,
				27C8B47222A10BA100E0611F /* WebViewController.swift in Sources */,
				27C8B44022A0E19900E0611F /* AppDelegate.swift in Sources */,
			);
			runOnlyForDeploymentPostprocessing = 0;
		};
		27C8B44C22A0E19C00E0611F /* Sources */ = {
			isa = PBXSourcesBuildPhase;
			buildActionMask = 2147483647;
			files = (
				27C8B45522A0E19C00E0611F /* WebViewTests.swift in Sources */,
			);
			runOnlyForDeploymentPostprocessing = 0;
		};
		27C8B45722A0E19D00E0611F /* Sources */ = {
			isa = PBXSourcesBuildPhase;
			buildActionMask = 2147483647;
			files = (
				27C8B46022A0E19D00E0611F /* WebViewUITests.swift in Sources */,
			);
			runOnlyForDeploymentPostprocessing = 0;
		};
/* End PBXSourcesBuildPhase section */

/* Begin PBXTargetDependency section */
		27C8B45222A0E19C00E0611F /* PBXTargetDependency */ = {
			isa = PBXTargetDependency;
			target = 27C8B43B22A0E19900E0611F /* WebView */;
			targetProxy = 27C8B45122A0E19C00E0611F /* PBXContainerItemProxy */;
		};
		27C8B45D22A0E19D00E0611F /* PBXTargetDependency */ = {
			isa = PBXTargetDependency;
			target = 27C8B43B22A0E19900E0611F /* WebView */;
			targetProxy = 27C8B45C22A0E19D00E0611F /* PBXContainerItemProxy */;
		};
/* End PBXTargetDependency section */

/* Begin PBXVariantGroup section */
		27C8B44322A0E19900E0611F /* Main.storyboard */ = {
			isa = PBXVariantGroup;
			children = (
				27C8B44422A0E19900E0611F /* Base */,
			);
			name = Main.storyboard;
			sourceTree = "<group>";
		};
		27C8B44822A0E19C00E0611F /* LaunchScreen.storyboard */ = {
			isa = PBXVariantGroup;
			children = (
				27C8B44922A0E19C00E0611F /* Base */,
			);
			name = LaunchScreen.storyboard;
			sourceTree = "<group>";
		};
/* End PBXVariantGroup section */

/* Begin XCBuildConfiguration section */
		27C8B46222A0E19D00E0611F /* Debug */ = {
			isa = XCBuildConfiguration;
			buildSettings = {
				ALWAYS_SEARCH_USER_PATHS = NO;
				CLANG_ANALYZER_NONNULL = YES;
				CLANG_ANALYZER_NUMBER_OBJECT_CONVERSION = YES_AGGRESSIVE;
				CLANG_CXX_LANGUAGE_STANDARD = "gnu++14";
				CLANG_CXX_LIBRARY = "libc++";
				CLANG_ENABLE_MODULES = YES;
				CLANG_ENABLE_OBJC_ARC = YES;
				CLANG_ENABLE_OBJC_WEAK = YES;
				CLANG_WARN_BLOCK_CAPTURE_AUTORELEASING = YES;
				CLANG_WARN_BOOL_CONVERSION = YES;
				CLANG_WARN_COMMA = YES;
				CLANG_WARN_CONSTANT_CONVERSION = YES;
				CLANG_WARN_DEPRECATED_OBJC_IMPLEMENTATIONS = YES;
				CLANG_WARN_DIRECT_OBJC_ISA_USAGE = YES_ERROR;
				CLANG_WARN_DOCUMENTATION_COMMENTS = YES;
				CLANG_WARN_EMPTY_BODY = YES;
				CLANG_WARN_ENUM_CONVERSION = YES;
				CLANG_WARN_INFINITE_RECURSION = YES;
				CLANG_WARN_INT_CONVERSION = YES;
				CLANG_WARN_NON_LITERAL_NULL_CONVERSION = YES;
				CLANG_WARN_OBJC_IMPLICIT_RETAIN_SELF = YES;
				CLANG_WARN_OBJC_LITERAL_CONVERSION = YES;
				CLANG_WARN_OBJC_ROOT_CLASS = YES_ERROR;
				CLANG_WARN_RANGE_LOOP_ANALYSIS = YES;
				CLANG_WARN_STRICT_PROTOTYPES = YES;
				CLANG_WARN_SUSPICIOUS_MOVE = YES;
				CLANG_WARN_UNGUARDED_AVAILABILITY = YES_AGGRESSIVE;
				CLANG_WARN_UNREACHABLE_CODE = YES;
				CLANG_WARN__DUPLICATE_METHOD_MATCH = YES;
				CODE_SIGN_IDENTITY = "iPhone Developer";
				COPY_PHASE_STRIP = NO;
				DEBUG_INFORMATION_FORMAT = dwarf;
				ENABLE_STRICT_OBJC_MSGSEND = YES;
				ENABLE_TESTABILITY = YES;
				GCC_C_LANGUAGE_STANDARD = gnu11;
				GCC_DYNAMIC_NO_PIC = NO;
				GCC_NO_COMMON_BLOCKS = YES;
				GCC_OPTIMIZATION_LEVEL = 0;
				GCC_PREPROCESSOR_DEFINITIONS = (
					"DEBUG=1",
					"$(inherited)",
				);
				GCC_WARN_64_TO_32_BIT_CONVERSION = YES;
				GCC_WARN_ABOUT_RETURN_TYPE = YES_ERROR;
				GCC_WARN_UNDECLARED_SELECTOR = YES;
				GCC_WARN_UNINITIALIZED_AUTOS = YES_AGGRESSIVE;
				GCC_WARN_UNUSED_FUNCTION = YES;
				GCC_WARN_UNUSED_VARIABLE = YES;
				IPHONEOS_DEPLOYMENT_TARGET = 12.2;
				MTL_ENABLE_DEBUG_INFO = INCLUDE_SOURCE;
				MTL_FAST_MATH = YES;
				ONLY_ACTIVE_ARCH = YES;
				SDKROOT = iphoneos;
				SWIFT_ACTIVE_COMPILATION_CONDITIONS = DEBUG;
				SWIFT_OPTIMIZATION_LEVEL = "-Onone";
			};
			name = Debug;
		};
		27C8B46322A0E19D00E0611F /* Release */ = {
			isa = XCBuildConfiguration;
			buildSettings = {
				ALWAYS_SEARCH_USER_PATHS = NO;
				CLANG_ANALYZER_NONNULL = YES;
				CLANG_ANALYZER_NUMBER_OBJECT_CONVERSION = YES_AGGRESSIVE;
				CLANG_CXX_LANGUAGE_STANDARD = "gnu++14";
				CLANG_CXX_LIBRARY = "libc++";
				CLANG_ENABLE_MODULES = YES;
				CLANG_ENABLE_OBJC_ARC = YES;
				CLANG_ENABLE_OBJC_WEAK = YES;
				CLANG_WARN_BLOCK_CAPTURE_AUTORELEASING = YES;
				CLANG_WARN_BOOL_CONVERSION = YES;
				CLANG_WARN_COMMA = YES;
				CLANG_WARN_CONSTANT_CONVERSION = YES;
				CLANG_WARN_DEPRECATED_OBJC_IMPLEMENTATIONS = YES;
				CLANG_WARN_DIRECT_OBJC_ISA_USAGE = YES_ERROR;
				CLANG_WARN_DOCUMENTATION_COMMENTS = YES;
				CLANG_WARN_EMPTY_BODY = YES;
				CLANG_WARN_ENUM_CONVERSION = YES;
				CLANG_WARN_INFINITE_RECURSION = YES;
				CLANG_WARN_INT_CONVERSION = YES;
				CLANG_WARN_NON_LITERAL_NULL_CONVERSION = YES;
				CLANG_WARN_OBJC_IMPLICIT_RETAIN_SELF = YES;
				CLANG_WARN_OBJC_LITERAL_CONVERSION = YES;
				CLANG_WARN_OBJC_ROOT_CLASS = YES_ERROR;
				CLANG_WARN_RANGE_LOOP_ANALYSIS = YES;
				CLANG_WARN_STRICT_PROTOTYPES = YES;
				CLANG_WARN_SUSPICIOUS_MOVE = YES;
				CLANG_WARN_UNGUARDED_AVAILABILITY = YES_AGGRESSIVE;
				CLANG_WARN_UNREACHABLE_CODE = YES;
				CLANG_WARN__DUPLICATE_METHOD_MATCH = YES;
				CODE_SIGN_IDENTITY = "iPhone Developer";
				COPY_PHASE_STRIP = NO;
				DEBUG_INFORMATION_FORMAT = "dwarf-with-dsym";
				ENABLE_NS_ASSERTIONS = NO;
				ENABLE_STRICT_OBJC_MSGSEND = YES;
				GCC_C_LANGUAGE_STANDARD = gnu11;
				GCC_NO_COMMON_BLOCKS = YES;
				GCC_WARN_64_TO_32_BIT_CONVERSION = YES;
				GCC_WARN_ABOUT_RETURN_TYPE = YES_ERROR;
				GCC_WARN_UNDECLARED_SELECTOR = YES;
				GCC_WARN_UNINITIALIZED_AUTOS = YES_AGGRESSIVE;
				GCC_WARN_UNUSED_FUNCTION = YES;
				GCC_WARN_UNUSED_VARIABLE = YES;
				IPHONEOS_DEPLOYMENT_TARGET = 12.2;
				MTL_ENABLE_DEBUG_INFO = NO;
				MTL_FAST_MATH = YES;
				SDKROOT = iphoneos;
				SWIFT_COMPILATION_MODE = wholemodule;
				SWIFT_OPTIMIZATION_LEVEL = "-O";
				VALIDATE_PRODUCT = YES;
			};
			name = Release;
		};
		27C8B46522A0E19D00E0611F /* Debug */ = {
			isa = XCBuildConfiguration;
			buildSettings = {
				ASSETCATALOG_COMPILER_APPICON_NAME = AppIcon;
				CODE_SIGN_STYLE = Automatic;
				INFOPLIST_FILE = WebView/Info.plist;
				LD_RUNPATH_SEARCH_PATHS = (
					"$(inherited)",
					"@executable_path/Frameworks",
				);
				PRODUCT_BUNDLE_IDENTIFIER = com.test.WebView;
				PRODUCT_NAME = "$(TARGET_NAME)";
				SWIFT_VERSION = 5.0;
				TARGETED_DEVICE_FAMILY = "1,2";
			};
			name = Debug;
		};
		27C8B46622A0E19D00E0611F /* Release */ = {
			isa = XCBuildConfiguration;
			buildSettings = {
				ASSETCATALOG_COMPILER_APPICON_NAME = AppIcon;
				CODE_SIGN_STYLE = Automatic;
				INFOPLIST_FILE = WebView/Info.plist;
				LD_RUNPATH_SEARCH_PATHS = (
					"$(inherited)",
					"@executable_path/Frameworks",
				);
				PRODUCT_BUNDLE_IDENTIFIER = com.test.WebView;
				PRODUCT_NAME = "$(TARGET_NAME)";
				SWIFT_VERSION = 5.0;
				TARGETED_DEVICE_FAMILY = "1,2";
			};
			name = Release;
		};
		27C8B46822A0E19D00E0611F /* Debug */ = {
			isa = XCBuildConfiguration;
			buildSettings = {
				ALWAYS_EMBED_SWIFT_STANDARD_LIBRARIES = YES;
				BUNDLE_LOADER = "$(TEST_HOST)";
				CODE_SIGN_STYLE = Automatic;
				INFOPLIST_FILE = WebViewTests/Info.plist;
				LD_RUNPATH_SEARCH_PATHS = (
					"$(inherited)",
					"@executable_path/Frameworks",
					"@loader_path/Frameworks",
				);
				PRODUCT_BUNDLE_IDENTIFIER = com.test.WebViewTests;
				PRODUCT_NAME = "$(TARGET_NAME)";
				SWIFT_VERSION = 5.0;
				TARGETED_DEVICE_FAMILY = "1,2";
				TEST_HOST = "$(BUILT_PRODUCTS_DIR)/WebView.app/WebView";
			};
			name = Debug;
		};
		27C8B46922A0E19D00E0611F /* Release */ = {
			isa = XCBuildConfiguration;
			buildSettings = {
				ALWAYS_EMBED_SWIFT_STANDARD_LIBRARIES = YES;
				BUNDLE_LOADER = "$(TEST_HOST)";
				CODE_SIGN_STYLE = Automatic;
				INFOPLIST_FILE = WebViewTests/Info.plist;
				LD_RUNPATH_SEARCH_PATHS = (
					"$(inherited)",
					"@executable_path/Frameworks",
					"@loader_path/Frameworks",
				);
				PRODUCT_BUNDLE_IDENTIFIER = com.test.WebViewTests;
				PRODUCT_NAME = "$(TARGET_NAME)";
				SWIFT_VERSION = 5.0;
				TARGETED_DEVICE_FAMILY = "1,2";
				TEST_HOST = "$(BUILT_PRODUCTS_DIR)/WebView.app/WebView";
			};
			name = Release;
		};
		27C8B46B22A0E19D00E0611F /* Debug */ = {
			isa = XCBuildConfiguration;
			buildSettings = {
				ALWAYS_EMBED_SWIFT_STANDARD_LIBRARIES = YES;
				CODE_SIGN_STYLE = Automatic;
				INFOPLIST_FILE = WebViewUITests/Info.plist;
				LD_RUNPATH_SEARCH_PATHS = (
					"$(inherited)",
					"@executable_path/Frameworks",
					"@loader_path/Frameworks",
				);
				PRODUCT_BUNDLE_IDENTIFIER = com.test.WebViewUITests;
				PRODUCT_NAME = "$(TARGET_NAME)";
				SWIFT_VERSION = 5.0;
				TARGETED_DEVICE_FAMILY = "1,2";
				TEST_TARGET_NAME = WebView;
			};
			name = Debug;
		};
		27C8B46C22A0E19D00E0611F /* Release */ = {
			isa = XCBuildConfiguration;
			buildSettings = {
				ALWAYS_EMBED_SWIFT_STANDARD_LIBRARIES = YES;
				CODE_SIGN_STYLE = Automatic;
				INFOPLIST_FILE = WebViewUITests/Info.plist;
				LD_RUNPATH_SEARCH_PATHS = (
					"$(inherited)",
					"@executable_path/Frameworks",
					"@loader_path/Frameworks",
				);
				PRODUCT_BUNDLE_IDENTIFIER = com.test.WebViewUITests;
				PRODUCT_NAME = "$(TARGET_NAME)";
				SWIFT_VERSION = 5.0;
				TARGETED_DEVICE_FAMILY = "1,2";
				TEST_TARGET_NAME = WebView;
			};
			name = Release;
		};
/* End XCBuildConfiguration section */

/* Begin XCConfigurationList section */
		27C8B43722A0E19900E0611F /* Build configuration list for PBXProject "WebView" */ = {
			isa = XCConfigurationList;
			buildConfigurations = (
				27C8B46222A0E19D00E0611F /* Debug */,
				27C8B46322A0E19D00E0611F /* Release */,
			);
			defaultConfigurationIsVisible = 0;
			defaultConfigurationName = Release;
		};
		27C8B46422A0E19D00E0611F /* Build configuration list for PBXNativeTarget "WebView" */ = {
			isa = XCConfigurationList;
			buildConfigurations = (
				27C8B46522A0E19D00E0611F /* Debug */,
				27C8B46622A0E19D00E0611F /* Release */,
			);
			defaultConfigurationIsVisible = 0;
			defaultConfigurationName = Release;
		};
		27C8B46722A0E19D00E0611F /* Build configuration list for PBXNativeTarget "WebViewTests" */ = {
			isa = XCConfigurationList;
			buildConfigurations = (
				27C8B46822A0E19D00E0611F /* Debug */,
				27C8B46922A0E19D00E0611F /* Release */,
			);
			defaultConfigurationIsVisible = 0;
			defaultConfigurationName = Release;
		};
		27C8B46A22A0E19D00E0611F /* Build configuration list for PBXNativeTarget "WebViewUITests" */ = {
			isa = XCConfigurationList;
			buildConfigurations = (
				27C8B46B22A0E19D00E0611F /* Debug */,
				27C8B46C22A0E19D00E0611F /* Release */,
			);
			defaultConfigurationIsVisible = 0;
			defaultConfigurationName = Release;
		};
/* End XCConfigurationList section */
	};
	rootObject = 27C8B43422A0E19900E0611F /* Project object */;
}
